
Microsoft Visual Studio Solution File, Format Version 12.00
# Visual Studio Version 16
VisualStudioVersion = 16.0.32228.343
MinimumVisualStudioVersion = 10.0.40219.1
Project("{FAE04EC0-301F-11D3-BF4B-00C04F79EFBC}") = "RTBSaveLoad", "RTBSaveLoad.csproj", "{8AECF30E-4B1E-492A-944D-F210A902D242}"
EndProject
Global
	GlobalSection(SolutionConfigurationPlatforms) = preSolution
		Debug|Any CPU = Debug|Any CPU
		Release|Any CPU = Release|Any CPU
	EndGlobalSection
	GlobalSection(ProjectConfigurationPlatforms) = postSolution
		{8AECF30E-4B1E-492A-944D-F210A902D242}.Debug|Any CPU.ActiveCfg = Debug|Any CPU
		{8AECF30E-4B1E-492A-944D-F210A902D242}.Debug|Any CPU.Build.0 = Debug|Any CPU
		{8AECF30E-4B1E-492A-944D-F210A902D242}.Release|Any CPU.ActiveCfg = Release|Any CPU
		{8AECF30E-4B1E-492A-944D-F210A902D242}.Release|Any CPU.Build.0 = Release|Any CPU
	EndGlobalSection
	GlobalSection(SolutionProperties) = preSolution
		HideSolutionNode = FALSE
	EndGlobalSection
	GlobalSection(ExtensibilityGlobals) = postSolution
		SolutionGuid = {ADDCF3F0-DFCB-49FF-A33F-C1E8B3CF3804}
	EndGlobalSection
EndGlobal
